
Microsoft Visual Studio Solution File, Format Version 12.00
# Visual Studio Version 17
VisualStudioVersion = 17.9.34622.214
MinimumVisualStudioVersion = 10.0.40219.1
Project("{FAE04EC0-301F-11D3-BF4B-00C04F79EFBC}") = "atv9", "atv9.csproj", "{EE4847D5-C71C-4D71-8CA8-97BC1CCC9431}"
EndProject
Global
	GlobalSection(SolutionConfigurationPlatforms) = preSolution
		Debug|Any CPU = Debug|Any CPU
		Release|Any CPU = Release|Any CPU
	EndGlobalSection
	GlobalSection(ProjectConfigurationPlatforms) = postSolution
		{EE4847D5-C71C-4D71-8CA8-97BC1CCC9431}.Debug|Any CPU.ActiveCfg = Debug|Any CPU
		{EE4847D5-C71C-4D71-8CA8-97BC1CCC9431}.Debug|Any CPU.Build.0 = Debug|Any CPU
		{EE4847D5-C71C-4D71-8CA8-97BC1CCC9431}.Release|Any CPU.ActiveCfg = Release|Any CPU
		{EE4847D5-C71C-4D71-8CA8-97BC1CCC9431}.Release|Any CPU.Build.0 = Release|Any CPU
	EndGlobalSection
	GlobalSection(SolutionProperties) = preSolution
		HideSolutionNode = FALSE
	EndGlobalSection
	GlobalSection(ExtensibilityGlobals) = postSolution
		SolutionGuid = {380185AA-12BD-483D-A060-88C5556461DC}
	EndGlobalSection
EndGlobal
