
Microsoft Visual Studio Solution File, Format Version 12.00
# Visual Studio Version 17
VisualStudioVersion = 17.9.34622.214
MinimumVisualStudioVersion = 10.0.40219.1
Project("{FAE04EC0-301F-11D3-BF4B-00C04F79EFBC}") = "ATV7", "ATV7.csproj", "{8AFDF541-1B7B-428C-BE97-265E8DBE95DF}"
EndProject
Global
	GlobalSection(SolutionConfigurationPlatforms) = preSolution
		Debug|Any CPU = Debug|Any CPU
		Release|Any CPU = Release|Any CPU
	EndGlobalSection
	GlobalSection(ProjectConfigurationPlatforms) = postSolution
		{8AFDF541-1B7B-428C-BE97-265E8DBE95DF}.Debug|Any CPU.ActiveCfg = Debug|Any CPU
		{8AFDF541-1B7B-428C-BE97-265E8DBE95DF}.Debug|Any CPU.Build.0 = Debug|Any CPU
		{8AFDF541-1B7B-428C-BE97-265E8DBE95DF}.Release|Any CPU.ActiveCfg = Release|Any CPU
		{8AFDF541-1B7B-428C-BE97-265E8DBE95DF}.Release|Any CPU.Build.0 = Release|Any CPU
	EndGlobalSection
	GlobalSection(SolutionProperties) = preSolution
		HideSolutionNode = FALSE
	EndGlobalSection
	GlobalSection(ExtensibilityGlobals) = postSolution
		SolutionGuid = {F347C39C-4D5D-48D1-AD73-69A774E5D138}
	EndGlobalSection
EndGlobal
