
Microsoft Visual Studio Solution File, Format Version 12.00
# Visual Studio Version 17
VisualStudioVersion = 17.5.002.0
MinimumVisualStudioVersion = 10.0.40219.1
Project("{9A19103F-16F7-4668-BE54-9A1E7A4F7556}") = "LISTA4C#", "LISTA4C#.csproj", "{10A05102-C762-46EF-8834-5BBD719D7358}"
EndProject
Global
	GlobalSection(SolutionConfigurationPlatforms) = preSolution
		Debug|Any CPU = Debug|Any CPU
		Release|Any CPU = Release|Any CPU
	EndGlobalSection
	GlobalSection(ProjectConfigurationPlatforms) = postSolution
		{10A05102-C762-46EF-8834-5BBD719D7358}.Debug|Any CPU.ActiveCfg = Debug|Any CPU
		{10A05102-C762-46EF-8834-5BBD719D7358}.Debug|Any CPU.Build.0 = Debug|Any CPU
		{10A05102-C762-46EF-8834-5BBD719D7358}.Release|Any CPU.ActiveCfg = Release|Any CPU
		{10A05102-C762-46EF-8834-5BBD719D7358}.Release|Any CPU.Build.0 = Release|Any CPU
	EndGlobalSection
	GlobalSection(SolutionProperties) = preSolution
		HideSolutionNode = FALSE
	EndGlobalSection
	GlobalSection(ExtensibilityGlobals) = postSolution
		SolutionGuid = {C7D019F2-EC22-425D-9E1D-F4CF573C49D5}
	EndGlobalSection
EndGlobal
