
Microsoft Visual Studio Solution File, Format Version 12.00
# Visual Studio Version 17
VisualStudioVersion = 17.9.34622.214
MinimumVisualStudioVersion = 10.0.40219.1
Project("{FAE04EC0-301F-11D3-BF4B-00C04F79EFBC}") = "atv5", "atv5.csproj", "{BB3F6A9A-30F2-467F-8CB6-7F541629CBC4}"
EndProject
Global
	GlobalSection(SolutionConfigurationPlatforms) = preSolution
		Debug|Any CPU = Debug|Any CPU
		Release|Any CPU = Release|Any CPU
	EndGlobalSection
	GlobalSection(ProjectConfigurationPlatforms) = postSolution
		{BB3F6A9A-30F2-467F-8CB6-7F541629CBC4}.Debug|Any CPU.ActiveCfg = Debug|Any CPU
		{BB3F6A9A-30F2-467F-8CB6-7F541629CBC4}.Debug|Any CPU.Build.0 = Debug|Any CPU
		{BB3F6A9A-30F2-467F-8CB6-7F541629CBC4}.Release|Any CPU.ActiveCfg = Release|Any CPU
		{BB3F6A9A-30F2-467F-8CB6-7F541629CBC4}.Release|Any CPU.Build.0 = Release|Any CPU
	EndGlobalSection
	GlobalSection(SolutionProperties) = preSolution
		HideSolutionNode = FALSE
	EndGlobalSection
	GlobalSection(ExtensibilityGlobals) = postSolution
		SolutionGuid = {2BD099C8-79A6-4054-9160-C6F61043A881}
	EndGlobalSection
EndGlobal
