
Microsoft Visual Studio Solution File, Format Version 12.00
# Visual Studio Version 17
VisualStudioVersion = 17.9.34622.214
MinimumVisualStudioVersion = 10.0.40219.1
Project("{FAE04EC0-301F-11D3-BF4B-00C04F79EFBC}") = "ConsoleApp1", "ConsoleApp1\ConsoleApp1.csproj", "{1B2A22E5-DE98-498C-BA46-A256D7495410}"
EndProject
Global
	GlobalSection(SolutionConfigurationPlatforms) = preSolution
		Debug|Any CPU = Debug|Any CPU
		Release|Any CPU = Release|Any CPU
	EndGlobalSection
	GlobalSection(ProjectConfigurationPlatforms) = postSolution
		{1B2A22E5-DE98-498C-BA46-A256D7495410}.Debug|Any CPU.ActiveCfg = Debug|Any CPU
		{1B2A22E5-DE98-498C-BA46-A256D7495410}.Debug|Any CPU.Build.0 = Debug|Any CPU
		{1B2A22E5-DE98-498C-BA46-A256D7495410}.Release|Any CPU.ActiveCfg = Release|Any CPU
		{1B2A22E5-DE98-498C-BA46-A256D7495410}.Release|Any CPU.Build.0 = Release|Any CPU
	EndGlobalSection
	GlobalSection(SolutionProperties) = preSolution
		HideSolutionNode = FALSE
	EndGlobalSection
	GlobalSection(ExtensibilityGlobals) = postSolution
		SolutionGuid = {C6FAD618-C698-4704-B95D-6C5AD2FEF5D9}
	EndGlobalSection
EndGlobal
